# THIS IS AN AUTOGENERATED FILE. DO NOT EDIT THIS FILE DIRECTLY.
# yarn lockfile v1


cli-interact@^0.1.9:
  version "0.1.9"
  resolved "https://registry.yarnpkg.com/cli-interact/-/cli-interact-0.1.9.tgz#e58ae8505bbf7ed2e12671057cd559b12fdce28f"
  integrity sha1-5YroUFu/ftLhJnEFfNVZsS/c4o8=
  dependencies:
    readline-sync "~0.4.9"

mkdirp@~1.0.4:
  version "1.0.4"
  resolved "https://registry.yarnpkg.com/mkdirp/-/mkdirp-1.0.4.tgz#3eb5ed62622756d79a5f0e2a221dfebad75c2f7e"
  integrity sha512-vVqVZQyf3WLx2Shd0qJ9xuvqgAyKPLAiqITEtqW0oIUjzo3PePDd6fW9iFz30ef7Ysp/oiWqbhszeGWW2T6Gzw==

node-json-db@^1.1.0:
  version "1.1.0"
  resolved "https://registry.yarnpkg.com/node-json-db/-/node-json-db-1.1.0.tgz#b275703bf9467985aa2a08ae735a2b1ea02d1c35"
  integrity sha512-HdgRbJrz5OV5+Vs4hLm/i8MTsbxqyvO9A2I/LNviAdrfbvOGt7UhT+DPIEUCaPQbV69fUd0zXB4MWlqGUMf0WA==
  dependencies:
    mkdirp "~1.0.4"

readline-sync@~0.4.9:
  version "0.4.10"
  resolved "https://registry.yarnpkg.com/readline-sync/-/readline-sync-0.4.10.tgz#bef03d993eca3585fd064f5d56d7276765dfc121"
  integrity sha1-vvA9mT7KNYX9Bk9dVtcnZ2XfwSE=
